
Microsoft Visual Studio Solution File, Format Version 12.00
# Visual Studio Version 17
VisualStudioVersion = 17.0.31903.59
MinimumVisualStudioVersion = 10.0.40219.1
Project("{FAE04EC0-301F-11D3-BF4B-00C04F79EFBC}") = "Stopwatch_Application", "Stopwatch_Application\Stopwatch_Application.csproj", "{036829C1-C43D-4616-9C1F-37406886C723}"
EndProject
Project("{FAE04EC0-301F-11D3-BF4B-00C04F79EFBC}") = "Stopwatch_Application.Tests", "Stopwatch_Application.Tests\Stopwatch_Application.Tests.csproj", "{F490BEAA-A4E3-4BE9-B079-624D3B29CD03}"
EndProject
Global
	GlobalSection(SolutionConfigurationPlatforms) = preSolution
		Debug|Any CPU = Debug|Any CPU
		Release|Any CPU = Release|Any CPU
	EndGlobalSection
	GlobalSection(SolutionProperties) = preSolution
		HideSolutionNode = FALSE
	EndGlobalSection
	GlobalSection(ProjectConfigurationPlatforms) = postSolution
		{036829C1-C43D-4616-9C1F-37406886C723}.Debug|Any CPU.ActiveCfg = Debug|Any CPU
		{036829C1-C43D-4616-9C1F-37406886C723}.Debug|Any CPU.Build.0 = Debug|Any CPU
		{036829C1-C43D-4616-9C1F-37406886C723}.Release|Any CPU.ActiveCfg = Release|Any CPU
		{036829C1-C43D-4616-9C1F-37406886C723}.Release|Any CPU.Build.0 = Release|Any CPU
		{F490BEAA-A4E3-4BE9-B079-624D3B29CD03}.Debug|Any CPU.ActiveCfg = Debug|Any CPU
		{F490BEAA-A4E3-4BE9-B079-624D3B29CD03}.Debug|Any CPU.Build.0 = Debug|Any CPU
		{F490BEAA-A4E3-4BE9-B079-624D3B29CD03}.Release|Any CPU.ActiveCfg = Release|Any CPU
		{F490BEAA-A4E3-4BE9-B079-624D3B29CD03}.Release|Any CPU.Build.0 = Release|Any CPU
	EndGlobalSection
EndGlobal
